
Microsoft Visual Studio Solution File, Format Version 12.00
# Visual Studio Version 17
VisualStudioVersion = 17.9.34728.123
MinimumVisualStudioVersion = 10.0.40219.1
Project("{FAE04EC0-301F-11D3-BF4B-00C04F79EFBC}") = "CurrencyConverter", "CurrencyConverter.csproj", "{638B07B0-D1F2-41FE-B49A-E8DA59FC15B7}"
EndProject
Global
	GlobalSection(SolutionConfigurationPlatforms) = preSolution
		Debug|Any CPU = Debug|Any CPU
		Release|Any CPU = Release|Any CPU
	EndGlobalSection
	GlobalSection(ProjectConfigurationPlatforms) = postSolution
		{638B07B0-D1F2-41FE-B49A-E8DA59FC15B7}.Debug|Any CPU.ActiveCfg = Debug|Any CPU
		{638B07B0-D1F2-41FE-B49A-E8DA59FC15B7}.Debug|Any CPU.Build.0 = Debug|Any CPU
		{638B07B0-D1F2-41FE-B49A-E8DA59FC15B7}.Release|Any CPU.ActiveCfg = Release|Any CPU
		{638B07B0-D1F2-41FE-B49A-E8DA59FC15B7}.Release|Any CPU.Build.0 = Release|Any CPU
	EndGlobalSection
	GlobalSection(SolutionProperties) = preSolution
		HideSolutionNode = FALSE
	EndGlobalSection
	GlobalSection(ExtensibilityGlobals) = postSolution
		SolutionGuid = {02E28DD8-29C5-4F81-9E13-259EACE32348}
	EndGlobalSection
EndGlobal
